
Microsoft Visual Studio Solution File, Format Version 12.00
# Visual Studio Version 16
VisualStudioVersion = 16.0.29009.5
MinimumVisualStudioVersion = 10.0.40219.1
Project("{FAE04EC0-301F-11D3-BF4B-00C04F79EFBC}") = "Task1 at home 21.06.2019", "Task1 at home 21.06.2019\Task1 at home 21.06.2019.csproj", "{BE66B1E3-85E6-4094-9F89-23B96249B8E5}"
EndProject
Global
	GlobalSection(SolutionConfigurationPlatforms) = preSolution
		Debug|Any CPU = Debug|Any CPU
		Release|Any CPU = Release|Any CPU
	EndGlobalSection
	GlobalSection(ProjectConfigurationPlatforms) = postSolution
		{BE66B1E3-85E6-4094-9F89-23B96249B8E5}.Debug|Any CPU.ActiveCfg = Debug|Any CPU
		{BE66B1E3-85E6-4094-9F89-23B96249B8E5}.Debug|Any CPU.Build.0 = Debug|Any CPU
		{BE66B1E3-85E6-4094-9F89-23B96249B8E5}.Release|Any CPU.ActiveCfg = Release|Any CPU
		{BE66B1E3-85E6-4094-9F89-23B96249B8E5}.Release|Any CPU.Build.0 = Release|Any CPU
	EndGlobalSection
	GlobalSection(SolutionProperties) = preSolution
		HideSolutionNode = FALSE
	EndGlobalSection
	GlobalSection(ExtensibilityGlobals) = postSolution
		SolutionGuid = {24ACD8ED-7680-40A4-A8DD-B3BD1FC95D4B}
	EndGlobalSection
EndGlobal
